// !$*UTF8*$!
{
	archiveVersion = 1;
	classes = {
	};
	objectVersion = 46;
	objects = {

/* Begin PBXBuildFile section */
		18867D4D194550F500419BEA /* Foundation.framework in Frameworks */ = {isa = PBXBuildFile; fileRef = 18867D4C194550F500419BEA /* Foundation.framework */; };
		18867D4F194550F500419BEA /* CoreGraphics.framework in Frameworks */ = {isa = PBXBuildFile; fileRef = 18867D4E194550F500419BEA /* CoreGraphics.framework */; };
		18867D51194550F500419BEA /* UIKit.framework in Frameworks */ = {isa = PBXBuildFile; fileRef = 18867D50194550F500419BEA /* UIKit.framework */; };
		18867D57194550F500419BEA /* InfoPlist.strings in Resources */ = {isa = PBXBuildFile; fileRef = 18867D55194550F500419BEA /* InfoPlist.strings */; };
		18867D59194550F500419BEA /* main.m in Sources */ = {isa = PBXBuildFile; fileRef = 18867D58194550F500419BEA /* main.m */; };
		18867D5D194550F500419BEA /* ResrchAppDelegate.m in Sources */ = {isa = PBXBuildFile; fileRef = 18867D5C194550F500419BEA /* ResrchAppDelegate.m */; };
		18867D5F194550F500419BEA /* Images.xcassets in Resources */ = {isa = PBXBuildFile; fileRef = 18867D5E194550F500419BEA /* Images.xcassets */; };
		18867D66194550F500419BEA /* XCTest.framework in Frameworks */ = {isa = PBXBuildFile; fileRef = 18867D65194550F500419BEA /* XCTest.framework */; };
		18867D67194550F500419BEA /* Foundation.framework in Frameworks */ = {isa = PBXBuildFile; fileRef = 18867D4C194550F500419BEA /* Foundation.framework */; };
		18867D68194550F500419BEA /* UIKit.framework in Frameworks */ = {isa = PBXBuildFile; fileRef = 18867D50194550F500419BEA /* UIKit.framework */; };
		18867D70194550F500419BEA /* InfoPlist.strings in Resources */ = {isa = PBXBuildFile; fileRef = 18867D6E194550F500419BEA /* InfoPlist.strings */; };
		18867D72194550F500419BEA /* ResearchLaunchingMyUIViewControllerTests.m in Sources */ = {isa = PBXBuildFile; fileRef = 18867D71194550F500419BEA /* ResearchLaunchingMyUIViewControllerTests.m */; };
		18867D7D1945515C00419BEA /* ResrchUITableViewController.m in Sources */ = {isa = PBXBuildFile; fileRef = 18867D7C1945515C00419BEA /* ResrchUITableViewController.m */; };
		189B73AF1945805A00FF94D9 /* ResrchTableViewCell.m in Sources */ = {isa = PBXBuildFile; fileRef = 189B73AE1945805A00FF94D9 /* ResrchTableViewCell.m */; };
		18AE48261945BC04007138B7 /* ResrchUIWebViewController.m in Sources */ = {isa = PBXBuildFile; fileRef = 18AE48251945BC04007138B7 /* ResrchUIWebViewController.m */; };
		7F74421BE37647A0A85FF275 /* libPods.a in Frameworks */ = {isa = PBXBuildFile; fileRef = C7AC54A2DFC24E3DA2566494 /* libPods.a */; };
/* End PBXBuildFile section */

/* Begin PBXContainerItemProxy section */
		18867D69194550F500419BEA /* PBXContainerItemProxy */ = {
			isa = PBXContainerItemProxy;
			containerPortal = 18867D41194550F500419BEA /* Project object */;
			proxyType = 1;
			remoteGlobalIDString = 18867D48194550F500419BEA;
			remoteInfo = ResearchLaunchingMyUIViewController;
		};
/* End PBXContainerItemProxy section */

/* Begin PBXFileReference section */
		18867D49194550F500419BEA /* ResearchLaunchingMyUIViewController.app */ = {isa = PBXFileReference; explicitFileType = wrapper.application; includeInIndex = 0; path = ResearchLaunchingMyUIViewController.app; sourceTree = BUILT_PRODUCTS_DIR; };
		18867D4C194550F500419BEA /* Foundation.framework */ = {isa = PBXFileReference; lastKnownFileType = wrapper.framework; name = Foundation.framework; path = System/Library/Frameworks/Foundation.framework; sourceTree = SDKROOT; };
		18867D4E194550F500419BEA /* CoreGraphics.framework */ = {isa = PBXFileReference; lastKnownFileType = wrapper.framework; name = CoreGraphics.framework; path = System/Library/Frameworks/CoreGraphics.framework; sourceTree = SDKROOT; };
		18867D50194550F500419BEA /* UIKit.framework */ = {isa = PBXFileReference; lastKnownFileType = wrapper.framework; name = UIKit.framework; path = System/Library/Frameworks/UIKit.framework; sourceTree = SDKROOT; };
		18867D54194550F500419BEA /* ResearchLaunchingMyUIViewController-Info.plist */ = {isa = PBXFileReference; lastKnownFileType = text.plist.xml; path = "ResearchLaunchingMyUIViewController-Info.plist"; sourceTree = "<group>"; };
		18867D56194550F500419BEA /* en */ = {isa = PBXFileReference; lastKnownFileType = text.plist.strings; name = en; path = en.lproj/InfoPlist.strings; sourceTree = "<group>"; };
		18867D58194550F500419BEA /* main.m */ = {isa = PBXFileReference; lastKnownFileType = sourcecode.c.objc; path = main.m; sourceTree = "<group>"; };
		18867D5A194550F500419BEA /* ResearchLaunchingMyUIViewController-Prefix.pch */ = {isa = PBXFileReference; lastKnownFileType = sourcecode.c.h; path = "ResearchLaunchingMyUIViewController-Prefix.pch"; sourceTree = "<group>"; };
		18867D5B194550F500419BEA /* ResrchAppDelegate.h */ = {isa = PBXFileReference; lastKnownFileType = sourcecode.c.h; path = ResrchAppDelegate.h; sourceTree = "<group>"; };
		18867D5C194550F500419BEA /* ResrchAppDelegate.m */ = {isa = PBXFileReference; lastKnownFileType = sourcecode.c.objc; path = ResrchAppDelegate.m; sourceTree = "<group>"; };
		18867D5E194550F500419BEA /* Images.xcassets */ = {isa = PBXFileReference; lastKnownFileType = folder.assetcatalog; path = Images.xcassets; sourceTree = "<group>"; };
		18867D64194550F500419BEA /* ResearchLaunchingMyUIViewControllerTests.xctest */ = {isa = PBXFileReference; explicitFileType = wrapper.cfbundle; includeInIndex = 0; path = ResearchLaunchingMyUIViewControllerTests.xctest; sourceTree = BUILT_PRODUCTS_DIR; };
		18867D65194550F500419BEA /* XCTest.framework */ = {isa = PBXFileReference; lastKnownFileType = wrapper.framework; name = XCTest.framework; path = Library/Frameworks/XCTest.framework; sourceTree = DEVELOPER_DIR; };
		18867D6D194550F500419BEA /* ResearchLaunchingMyUIViewControllerTests-Info.plist */ = {isa = PBXFileReference; lastKnownFileType = text.plist.xml; path = "ResearchLaunchingMyUIViewControllerTests-Info.plist"; sourceTree = "<group>"; };
		18867D6F194550F500419BEA /* en */ = {isa = PBXFileReference; lastKnownFileType = text.plist.strings; name = en; path = en.lproj/InfoPlist.strings; sourceTree = "<group>"; };
		18867D71194550F500419BEA /* ResearchLaunchingMyUIViewControllerTests.m */ = {isa = PBXFileReference; lastKnownFileType = sourcecode.c.objc; path = ResearchLaunchingMyUIViewControllerTests.m; sourceTree = "<group>"; };
		18867D7B1945515C00419BEA /* ResrchUITableViewController.h */ = {isa = PBXFileReference; fileEncoding = 4; lastKnownFileType = sourcecode.c.h; path = ResrchUITableViewController.h; sourceTree = "<group>"; };
		18867D7C1945515C00419BEA /* ResrchUITableViewController.m */ = {isa = PBXFileReference; fileEncoding = 4; lastKnownFileType = sourcecode.c.objc; path = ResrchUITableViewController.m; sourceTree = "<group>"; };
		189B73AD1945805A00FF94D9 /* ResrchTableViewCell.h */ = {isa = PBXFileReference; fileEncoding = 4; lastKnownFileType = sourcecode.c.h; path = ResrchTableViewCell.h; sourceTree = "<group>"; };
		189B73AE1945805A00FF94D9 /* ResrchTableViewCell.m */ = {isa = PBXFileReference; fileEncoding = 4; lastKnownFileType = sourcecode.c.objc; path = ResrchTableViewCell.m; sourceTree = "<group>"; };
		189B73B8194595C400FF94D9 /* Podfile */ = {isa = PBXFileReference; lastKnownFileType = text; path = Podfile; sourceTree = "<group>"; };
		18AE48241945BC04007138B7 /* ResrchUIWebViewController.h */ = {isa = PBXFileReference; fileEncoding = 4; lastKnownFileType = sourcecode.c.h; path = ResrchUIWebViewController.h; sourceTree = "<group>"; };
		18AE48251945BC04007138B7 /* ResrchUIWebViewController.m */ = {isa = PBXFileReference; fileEncoding = 4; lastKnownFileType = sourcecode.c.objc; path = ResrchUIWebViewController.m; sourceTree = "<group>"; };
		98B99E5BD09D4412B93BE445 /* Pods.xcconfig */ = {isa = PBXFileReference; includeInIndex = 1; lastKnownFileType = text.xcconfig; name = Pods.xcconfig; path = Pods/Pods.xcconfig; sourceTree = "<group>"; };
		C7AC54A2DFC24E3DA2566494 /* libPods.a */ = {isa = PBXFileReference; explicitFileType = archive.ar; includeInIndex = 0; path = libPods.a; sourceTree = BUILT_PRODUCTS_DIR; };
/* End PBXFileReference section */

/* Begin PBXFrameworksBuildPhase section */
		18867D46194550F500419BEA /* Frameworks */ = {
			isa = PBXFrameworksBuildPhase;
			buildActionMask = 2147483647;
			files = (
				18867D4F194550F500419BEA /* CoreGraphics.framework in Frameworks */,
				18867D51194550F500419BEA /* UIKit.framework in Frameworks */,
				18867D4D194550F500419BEA /* Foundation.framework in Frameworks */,
				7F74421BE37647A0A85FF275 /* libPods.a in Frameworks */,
			);
			runOnlyForDeploymentPostprocessing = 0;
		};
		18867D61194550F500419BEA /* Frameworks */ = {
			isa = PBXFrameworksBuildPhase;
			buildActionMask = 2147483647;
			files = (
				18867D66194550F500419BEA /* XCTest.framework in Frameworks */,
				18867D68194550F500419BEA /* UIKit.framework in Frameworks */,
				18867D67194550F500419BEA /* Foundation.framework in Frameworks */,
			);
			runOnlyForDeploymentPostprocessing = 0;
		};
/* End PBXFrameworksBuildPhase section */

/* Begin PBXGroup section */
		18867D40194550F500419BEA = {
			isa = PBXGroup;
			children = (
				189B73B8194595C400FF94D9 /* Podfile */,
				18867D52194550F500419BEA /* ResearchLaunchingMyUIViewController */,
				18867D6B194550F500419BEA /* ResearchLaunchingMyUIViewControllerTests */,
				18867D4B194550F500419BEA /* Frameworks */,
				18867D4A194550F500419BEA /* Products */,
				98B99E5BD09D4412B93BE445 /* Pods.xcconfig */,
			);
			sourceTree = "<group>";
		};
		18867D4A194550F500419BEA /* Products */ = {
			isa = PBXGroup;
			children = (
				18867D49194550F500419BEA /* ResearchLaunchingMyUIViewController.app */,
				18867D64194550F500419BEA /* ResearchLaunchingMyUIViewControllerTests.xctest */,
			);
			name = Products;
			sourceTree = "<group>";
		};
		18867D4B194550F500419BEA /* Frameworks */ = {
			isa = PBXGroup;
			children = (
				18867D4C194550F500419BEA /* Foundation.framework */,
				18867D4E194550F500419BEA /* CoreGraphics.framework */,
				18867D50194550F500419BEA /* UIKit.framework */,
				18867D65194550F500419BEA /* XCTest.framework */,
				C7AC54A2DFC24E3DA2566494 /* libPods.a */,
			);
			name = Frameworks;
			sourceTree = "<group>";
		};
		18867D52194550F500419BEA /* ResearchLaunchingMyUIViewController */ = {
			isa = PBXGroup;
			children = (
				18867D5B194550F500419BEA /* ResrchAppDelegate.h */,
				18867D5C194550F500419BEA /* ResrchAppDelegate.m */,
				18867D7B1945515C00419BEA /* ResrchUITableViewController.h */,
				18867D7C1945515C00419BEA /* ResrchUITableViewController.m */,
				18AE48241945BC04007138B7 /* ResrchUIWebViewController.h */,
				18AE48251945BC04007138B7 /* ResrchUIWebViewController.m */,
				189B73AD1945805A00FF94D9 /* ResrchTableViewCell.h */,
				189B73AE1945805A00FF94D9 /* ResrchTableViewCell.m */,
				18867D5E194550F500419BEA /* Images.xcassets */,
				18867D53194550F500419BEA /* Supporting Files */,
			);
			path = ResearchLaunchingMyUIViewController;
			sourceTree = "<group>";
		};
		18867D53194550F500419BEA /* Supporting Files */ = {
			isa = PBXGroup;
			children = (
				18867D54194550F500419BEA /* ResearchLaunchingMyUIViewController-Info.plist */,
				18867D55194550F500419BEA /* InfoPlist.strings */,
				18867D58194550F500419BEA /* main.m */,
				18867D5A194550F500419BEA /* ResearchLaunchingMyUIViewController-Prefix.pch */,
			);
			name = "Supporting Files";
			sourceTree = "<group>";
		};
		18867D6B194550F500419BEA /* ResearchLaunchingMyUIViewControllerTests */ = {
			isa = PBXGroup;
			children = (
				18867D71194550F500419BEA /* ResearchLaunchingMyUIViewControllerTests.m */,
				18867D6C194550F500419BEA /* Supporting Files */,
			);
			path = ResearchLaunchingMyUIViewControllerTests;
			sourceTree = "<group>";
		};
		18867D6C194550F500419BEA /* Supporting Files */ = {
			isa = PBXGroup;
			children = (
				18867D6D194550F500419BEA /* ResearchLaunchingMyUIViewControllerTests-Info.plist */,
				18867D6E194550F500419BEA /* InfoPlist.strings */,
			);
			name = "Supporting Files";
			sourceTree = "<group>";
		};
/* End PBXGroup section */

/* Begin PBXNativeTarget section */
		18867D48194550F500419BEA /* ResearchLaunchingMyUIViewController */ = {
			isa = PBXNativeTarget;
			buildConfigurationList = 18867D75194550F500419BEA /* Build configuration list for PBXNativeTarget "ResearchLaunchingMyUIViewController" */;
			buildPhases = (
				2088E7D86FAB4283B2DCE8BF /* Check Pods Manifest.lock */,
				18867D45194550F500419BEA /* Sources */,
				18867D46194550F500419BEA /* Frameworks */,
				18867D47194550F500419BEA /* Resources */,
				A26425D5FBF240CAA3B4BA99 /* Copy Pods Resources */,
			);
			buildRules = (
			);
			dependencies = (
			);
			name = ResearchLaunchingMyUIViewController;
			productName = ResearchLaunchingMyUIViewController;
			productReference = 18867D49194550F500419BEA /* ResearchLaunchingMyUIViewController.app */;
			productType = "com.apple.product-type.application";
		};
		18867D63194550F500419BEA /* ResearchLaunchingMyUIViewControllerTests */ = {
			isa = PBXNativeTarget;
			buildConfigurationList = 18867D78194550F500419BEA /* Build configuration list for PBXNativeTarget "ResearchLaunchingMyUIViewControllerTests" */;
			buildPhases = (
				18867D60194550F500419BEA /* Sources */,
				18867D61194550F500419BEA /* Frameworks */,
				18867D62194550F500419BEA /* Resources */,
			);
			buildRules = (
			);
			dependencies = (
				18867D6A194550F500419BEA /* PBXTargetDependency */,
			);
			name = ResearchLaunchingMyUIViewControllerTests;
			productName = ResearchLaunchingMyUIViewControllerTests;
			productReference = 18867D64194550F500419BEA /* ResearchLaunchingMyUIViewControllerTests.xctest */;
			productType = "com.apple.product-type.bundle.unit-test";
		};
/* End PBXNativeTarget section */

/* Begin PBXProject section */
		18867D41194550F500419BEA /* Project object */ = {
			isa = PBXProject;
			attributes = {
				CLASSPREFIX = Resrch;
				LastUpgradeCheck = 0510;
				ORGANIZATIONNAME = com.satya;
				TargetAttributes = {
					18867D63194550F500419BEA = {
						TestTargetID = 18867D48194550F500419BEA;
					};
				};
			};
			buildConfigurationList = 18867D44194550F500419BEA /* Build configuration list for PBXProject "ResearchLaunchingMyUIViewController" */;
			compatibilityVersion = "Xcode 3.2";
			developmentRegion = English;
			hasScannedForEncodings = 0;
			knownRegions = (
				en,
			);
			mainGroup = 18867D40194550F500419BEA;
			productRefGroup = 18867D4A194550F500419BEA /* Products */;
			projectDirPath = "";
			projectRoot = "";
			targets = (
				18867D48194550F500419BEA /* ResearchLaunchingMyUIViewController */,
				18867D63194550F500419BEA /* ResearchLaunchingMyUIViewControllerTests */,
			);
		};
/* End PBXProject section */

/* Begin PBXResourcesBuildPhase section */
		18867D47194550F500419BEA /* Resources */ = {
			isa = PBXResourcesBuildPhase;
			buildActionMask = 2147483647;
			files = (
				18867D57194550F500419BEA /* InfoPlist.strings in Resources */,
				18867D5F194550F500419BEA /* Images.xcassets in Resources */,
			);
			runOnlyForDeploymentPostprocessing = 0;
		};
		18867D62194550F500419BEA /* Resources */ = {
			isa = PBXResourcesBuildPhase;
			buildActionMask = 2147483647;
			files = (
				18867D70194550F500419BEA /* InfoPlist.strings in Resources */,
			);
			runOnlyForDeploymentPostprocessing = 0;
		};
/* End PBXResourcesBuildPhase section */

/* Begin PBXShellScriptBuildPhase section */
		2088E7D86FAB4283B2DCE8BF /* Check Pods Manifest.lock */ = {
			isa = PBXShellScriptBuildPhase;
			buildActionMask = 2147483647;
			files = (
			);
			inputPaths = (
			);
			name = "Check Pods Manifest.lock";
			outputPaths = (
			);
			runOnlyForDeploymentPostprocessing = 0;
			shellPath = /bin/sh;
			shellScript = "diff \"${PODS_ROOT}/../Podfile.lock\" \"${PODS_ROOT}/Manifest.lock\" > /dev/null\nif [[ $? != 0 ]] ; then\n    cat << EOM\nerror: The sandbox is not in sync with the Podfile.lock. Run 'pod install' or update your CocoaPods installation.\nEOM\n    exit 1\nfi\n";
			showEnvVarsInLog = 0;
		};
		A26425D5FBF240CAA3B4BA99 /* Copy Pods Resources */ = {
			isa = PBXShellScriptBuildPhase;
			buildActionMask = 2147483647;
			files = (
			);
			inputPaths = (
			);
			name = "Copy Pods Resources";
			outputPaths = (
			);
			runOnlyForDeploymentPostprocessing = 0;
			shellPath = /bin/sh;
			shellScript = "\"${SRCROOT}/Pods/Pods-resources.sh\"\n";
			showEnvVarsInLog = 0;
		};
/* End PBXShellScriptBuildPhase section */

/* Begin PBXSourcesBuildPhase section */
		18867D45194550F500419BEA /* Sources */ = {
			isa = PBXSourcesBuildPhase;
			buildActionMask = 2147483647;
			files = (
				18867D59194550F500419BEA /* main.m in Sources */,
				18867D5D194550F500419BEA /* ResrchAppDelegate.m in Sources */,
				18AE48261945BC04007138B7 /* ResrchUIWebViewController.m in Sources */,
				189B73AF1945805A00FF94D9 /* ResrchTableViewCell.m in Sources */,
				18867D7D1945515C00419BEA /* ResrchUITableViewController.m in Sources */,
			);
			runOnlyForDeploymentPostprocessing = 0;
		};
		18867D60194550F500419BEA /* Sources */ = {
			isa = PBXSourcesBuildPhase;
			buildActionMask = 2147483647;
			files = (
				18867D72194550F500419BEA /* ResearchLaunchingMyUIViewControllerTests.m in Sources */,
			);
			runOnlyForDeploymentPostprocessing = 0;
		};
/* End PBXSourcesBuildPhase section */

/* Begin PBXTargetDependency section */
		18867D6A194550F500419BEA /* PBXTargetDependency */ = {
			isa = PBXTargetDependency;
			target = 18867D48194550F500419BEA /* ResearchLaunchingMyUIViewController */;
			targetProxy = 18867D69194550F500419BEA /* PBXContainerItemProxy */;
		};
/* End PBXTargetDependency section */

/* Begin PBXVariantGroup section */
		18867D55194550F500419BEA /* InfoPlist.strings */ = {
			isa = PBXVariantGroup;
			children = (
				18867D56194550F500419BEA /* en */,
			);
			name = InfoPlist.strings;
			sourceTree = "<group>";
		};
		18867D6E194550F500419BEA /* InfoPlist.strings */ = {
			isa = PBXVariantGroup;
			children = (
				18867D6F194550F500419BEA /* en */,
			);
			name = InfoPlist.strings;
			sourceTree = "<group>";
		};
/* End PBXVariantGroup section */

/* Begin XCBuildConfiguration section */
		18867D73194550F500419BEA /* Debug */ = {
			isa = XCBuildConfiguration;
			buildSettings = {
				ALWAYS_SEARCH_USER_PATHS = NO;
				CLANG_CXX_LANGUAGE_STANDARD = "gnu++0x";
				CLANG_CXX_LIBRARY = "libc++";
				CLANG_ENABLE_MODULES = YES;
				CLANG_ENABLE_OBJC_ARC = YES;
				CLANG_WARN_BOOL_CONVERSION = YES;
				CLANG_WARN_CONSTANT_CONVERSION = YES;
				CLANG_WARN_DIRECT_OBJC_ISA_USAGE = YES_ERROR;
				CLANG_WARN_EMPTY_BODY = YES;
				CLANG_WARN_ENUM_CONVERSION = YES;
				CLANG_WARN_INT_CONVERSION = YES;
				CLANG_WARN_OBJC_ROOT_CLASS = YES_ERROR;
				CLANG_WARN__DUPLICATE_METHOD_MATCH = YES;
				"CODE_SIGN_IDENTITY[sdk=iphoneos*]" = "iPhone Developer";
				COPY_PHASE_STRIP = NO;
				GCC_C_LANGUAGE_STANDARD = gnu99;
				GCC_DYNAMIC_NO_PIC = NO;
				GCC_OPTIMIZATION_LEVEL = 0;
				GCC_PREPROCESSOR_DEFINITIONS = (
					"DEBUG=1",
					"$(inherited)",
				);
				GCC_SYMBOLS_PRIVATE_EXTERN = NO;
				GCC_WARN_64_TO_32_BIT_CONVERSION = YES;
				GCC_WARN_ABOUT_RETURN_TYPE = YES_ERROR;
				GCC_WARN_UNDECLARED_SELECTOR = YES;
				GCC_WARN_UNINITIALIZED_AUTOS = YES_AGGRESSIVE;
				GCC_WARN_UNUSED_FUNCTION = YES;
				GCC_WARN_UNUSED_VARIABLE = YES;
				IPHONEOS_DEPLOYMENT_TARGET = 7.1;
				ONLY_ACTIVE_ARCH = YES;
				SDKROOT = iphoneos;
			};
			name = Debug;
		};
		18867D74194550F500419BEA /* Release */ = {
			isa = XCBuildConfiguration;
			buildSettings = {
				ALWAYS_SEARCH_USER_PATHS = NO;
				CLANG_CXX_LANGUAGE_STANDARD = "gnu++0x";
				CLANG_CXX_LIBRARY = "libc++";
				CLANG_ENABLE_MODULES = YES;
				CLANG_ENABLE_OBJC_ARC = YES;
				CLANG_WARN_BOOL_CONVERSION = YES;
				CLANG_WARN_CONSTANT_CONVERSION = YES;
				CLANG_WARN_DIRECT_OBJC_ISA_USAGE = YES_ERROR;
				CLANG_WARN_EMPTY_BODY = YES;
				CLANG_WARN_ENUM_CONVERSION = YES;
				CLANG_WARN_INT_CONVERSION = YES;
				CLANG_WARN_OBJC_ROOT_CLASS = YES_ERROR;
				CLANG_WARN__DUPLICATE_METHOD_MATCH = YES;
				"CODE_SIGN_IDENTITY[sdk=iphoneos*]" = "iPhone Developer";
				COPY_PHASE_STRIP = YES;
				ENABLE_NS_ASSERTIONS = NO;
				GCC_C_LANGUAGE_STANDARD = gnu99;
				GCC_WARN_64_TO_32_BIT_CONVERSION = YES;
				GCC_WARN_ABOUT_RETURN_TYPE = YES_ERROR;
				GCC_WARN_UNDECLARED_SELECTOR = YES;
				GCC_WARN_UNINITIALIZED_AUTOS = YES_AGGRESSIVE;
				GCC_WARN_UNUSED_FUNCTION = YES;
				GCC_WARN_UNUSED_VARIABLE = YES;
				IPHONEOS_DEPLOYMENT_TARGET = 7.1;
				SDKROOT = iphoneos;
				VALIDATE_PRODUCT = YES;
			};
			name = Release;
		};
		18867D76194550F500419BEA /* Debug */ = {
			isa = XCBuildConfiguration;
			baseConfigurationReference = 98B99E5BD09D4412B93BE445 /* Pods.xcconfig */;
			buildSettings = {
				ASSETCATALOG_COMPILER_APPICON_NAME = AppIcon;
				ASSETCATALOG_COMPILER_LAUNCHIMAGE_NAME = LaunchImage;
				GCC_PRECOMPILE_PREFIX_HEADER = YES;
				GCC_PREFIX_HEADER = "ResearchLaunchingMyUIViewController/ResearchLaunchingMyUIViewController-Prefix.pch";
				INFOPLIST_FILE = "ResearchLaunchingMyUIViewController/ResearchLaunchingMyUIViewController-Info.plist";
				PRODUCT_NAME = "$(TARGET_NAME)";
				WRAPPER_EXTENSION = app;
			};
			name = Debug;
		};
		18867D77194550F500419BEA /* Release */ = {
			isa = XCBuildConfiguration;
			baseConfigurationReference = 98B99E5BD09D4412B93BE445 /* Pods.xcconfig */;
			buildSettings = {
				ASSETCATALOG_COMPILER_APPICON_NAME = AppIcon;
				ASSETCATALOG_COMPILER_LAUNCHIMAGE_NAME = LaunchImage;
				GCC_PRECOMPILE_PREFIX_HEADER = YES;
				GCC_PREFIX_HEADER = "ResearchLaunchingMyUIViewController/ResearchLaunchingMyUIViewController-Prefix.pch";
				INFOPLIST_FILE = "ResearchLaunchingMyUIViewController/ResearchLaunchingMyUIViewController-Info.plist";
				PRODUCT_NAME = "$(TARGET_NAME)";
				WRAPPER_EXTENSION = app;
			};
			name = Release;
		};
		18867D79194550F500419BEA /* Debug */ = {
			isa = XCBuildConfiguration;
			buildSettings = {
				BUNDLE_LOADER = "$(BUILT_PRODUCTS_DIR)/ResearchLaunchingMyUIViewController.app/ResearchLaunchingMyUIViewController";
				FRAMEWORK_SEARCH_PATHS = (
					"$(SDKROOT)/Developer/Library/Frameworks",
					"$(inherited)",
					"$(DEVELOPER_FRAMEWORKS_DIR)",
				);
				GCC_PRECOMPILE_PREFIX_HEADER = YES;
				GCC_PREFIX_HEADER = "ResearchLaunchingMyUIViewController/ResearchLaunchingMyUIViewController-Prefix.pch";
				GCC_PREPROCESSOR_DEFINITIONS = (
					"DEBUG=1",
					"$(inherited)",
				);
				INFOPLIST_FILE = "ResearchLaunchingMyUIViewControllerTests/ResearchLaunchingMyUIViewControllerTests-Info.plist";
				PRODUCT_NAME = "$(TARGET_NAME)";
				TEST_HOST = "$(BUNDLE_LOADER)";
				WRAPPER_EXTENSION = xctest;
			};
			name = Debug;
		};
		18867D7A194550F500419BEA /* Release */ = {
			isa = XCBuildConfiguration;
			buildSettings = {
				BUNDLE_LOADER = "$(BUILT_PRODUCTS_DIR)/ResearchLaunchingMyUIViewController.app/ResearchLaunchingMyUIViewController";
				FRAMEWORK_SEARCH_PATHS = (
					"$(SDKROOT)/Developer/Library/Frameworks",
					"$(inherited)",
					"$(DEVELOPER_FRAMEWORKS_DIR)",
				);
				GCC_PRECOMPILE_PREFIX_HEADER = YES;
				GCC_PREFIX_HEADER = "ResearchLaunchingMyUIViewController/ResearchLaunchingMyUIViewController-Prefix.pch";
				INFOPLIST_FILE = "ResearchLaunchingMyUIViewControllerTests/ResearchLaunchingMyUIViewControllerTests-Info.plist";
				PRODUCT_NAME = "$(TARGET_NAME)";
				TEST_HOST = "$(BUNDLE_LOADER)";
				WRAPPER_EXTENSION = xctest;
			};
			name = Release;
		};
/* End XCBuildConfiguration section */

/* Begin XCConfigurationList section */
		18867D44194550F500419BEA /* Build configuration list for PBXProject "ResearchLaunchingMyUIViewController" */ = {
			isa = XCConfigurationList;
			buildConfigurations = (
				18867D73194550F500419BEA /* Debug */,
				18867D74194550F500419BEA /* Release */,
			);
			defaultConfigurationIsVisible = 0;
			defaultConfigurationName = Release;
		};
		18867D75194550F500419BEA /* Build configuration list for PBXNativeTarget "ResearchLaunchingMyUIViewController" */ = {
			isa = XCConfigurationList;
			buildConfigurations = (
				18867D76194550F500419BEA /* Debug */,
				18867D77194550F500419BEA /* Release */,
			);
			defaultConfigurationIsVisible = 0;
			defaultConfigurationName = Release;
		};
		18867D78194550F500419BEA /* Build configuration list for PBXNativeTarget "ResearchLaunchingMyUIViewControllerTests" */ = {
			isa = XCConfigurationList;
			buildConfigurations = (
				18867D79194550F500419BEA /* Debug */,
				18867D7A194550F500419BEA /* Release */,
			);
			defaultConfigurationIsVisible = 0;
			defaultConfigurationName = Release;
		};
/* End XCConfigurationList section */
	};
	rootObject = 18867D41194550F500419BEA /* Project object */;
}
